
Microsoft Visual Studio Solution File, Format Version 12.00
Project("{FAE04EC0-301F-11D3-BF4B-00C04F79EFBC}") = "UserManagement", "UserManagement\UserManagement.csproj", "{EC08A25E-1B90-41DD-BCBB-2FB53A0E8700}"
EndProject
Project("{FAE04EC0-301F-11D3-BF4B-00C04F79EFBC}") = "Tasks", "Tasks\Tasks.csproj", "{664CE601-3BBF-438F-8674-EB25392007A5}"
EndProject
Global
	GlobalSection(SolutionConfigurationPlatforms) = preSolution
		Debug|Any CPU = Debug|Any CPU
		Release|Any CPU = Release|Any CPU
	EndGlobalSection
	GlobalSection(ProjectConfigurationPlatforms) = postSolution
		{EC08A25E-1B90-41DD-BCBB-2FB53A0E8700}.Debug|Any CPU.ActiveCfg = Debug|Any CPU
		{EC08A25E-1B90-41DD-BCBB-2FB53A0E8700}.Debug|Any CPU.Build.0 = Debug|Any CPU
		{EC08A25E-1B90-41DD-BCBB-2FB53A0E8700}.Release|Any CPU.ActiveCfg = Release|Any CPU
		{EC08A25E-1B90-41DD-BCBB-2FB53A0E8700}.Release|Any CPU.Build.0 = Release|Any CPU
		{664CE601-3BBF-438F-8674-EB25392007A5}.Debug|Any CPU.ActiveCfg = Debug|Any CPU
		{664CE601-3BBF-438F-8674-EB25392007A5}.Debug|Any CPU.Build.0 = Debug|Any CPU
		{664CE601-3BBF-438F-8674-EB25392007A5}.Release|Any CPU.ActiveCfg = Release|Any CPU
		{664CE601-3BBF-438F-8674-EB25392007A5}.Release|Any CPU.Build.0 = Release|Any CPU
	EndGlobalSection
EndGlobal
